
Microsoft Visual Studio Solution File, Format Version 12.00
# Visual Studio Version 16
VisualStudioVersion = 16.0.31229.75
MinimumVisualStudioVersion = 10.0.40219.1
Project("{FAE04EC0-301F-11D3-BF4B-00C04F79EFBC}") = "Lab01.Ex.1", "Lab01.Ex.1\Lab01.Ex.1.csproj", "{7FE2C904-CAE8-4926-9DC4-0BFCBD37EF9C}"
EndProject
Project("{FAE04EC0-301F-11D3-BF4B-00C04F79EFBC}") = "Lab01.Ex.2", "Lab01.Ex.2\Lab01.Ex.2.csproj", "{EB1119FD-2B34-43DD-90C9-53CFDAFA9BF0}"
EndProject
Project("{FAE04EC0-301F-11D3-BF4B-00C04F79EFBC}") = "Lab01.Ex.3", "Lab01.Ex.3\Lab01.Ex.3.csproj", "{C88B94C7-C415-4FB9-B74F-3D2F61ADA6BD}"
EndProject
Project("{FAE04EC0-301F-11D3-BF4B-00C04F79EFBC}") = "Lab01.Ex.4_MdiApplication", "Lab01.Ex.4_MdiApplication\Lab01.Ex.4_MdiApplication.csproj", "{A5EB1A87-46BB-4DD5-B316-2B0531EB2693}"
EndProject
Project("{FAE04EC0-301F-11D3-BF4B-00C04F79EFBC}") = "Lab01.Ex.5.1", "Lab01.Ex.5.1\Lab01.Ex.5.1.csproj", "{6EE39617-ECE7-4571-96A9-D1870525E4FF}"
EndProject
Project("{FAE04EC0-301F-11D3-BF4B-00C04F79EFBC}") = "Lab01.Ex.5.2", "Lab01.Ex.5.2\Lab01.Ex.5.2.csproj", "{1D0826D6-5EB4-4EF9-84D3-068EA807BC8D}"
EndProject
Project("{FAE04EC0-301F-11D3-BF4B-00C04F79EFBC}") = "Lab01.Ex.5.3", "Lab01.Ex.5.3\Lab01.Ex.5.3.csproj", "{A6D703F2-DF8C-4F73-B463-65ABC0A81D38}"
EndProject
Project("{FAE04EC0-301F-11D3-BF4B-00C04F79EFBC}") = "Lab02.Ex.1_WinQuestion", "Lab02.Ex.1_WinQuestion\Lab02.Ex.1_WinQuestion.csproj", "{10306926-BD56-4545-9BB3-1C7F117F4447}"
EndProject
Project("{FAE04EC0-301F-11D3-BF4B-00C04F79EFBC}") = "Lab02.Ex.2_TestList", "Lab02.Ex.2_TestList\Lab02.Ex.2_TestList.csproj", "{A80E6CE3-AC11-4D4C-8896-87A8C167A9A6}"
EndProject
Project("{FAE04EC0-301F-11D3-BF4B-00C04F79EFBC}") = "Lab02.Ex.3_MdiApplication", "Lab02.Ex.3_MdiApplication\Lab02.Ex.3_MdiApplication.csproj", "{BD1BB50E-B5FF-43AE-B8A8-2614D4C77809}"
EndProject
Project("{FAE04EC0-301F-11D3-BF4B-00C04F79EFBC}") = "Lab02.Ex.4_MdiApplication", "Lab02.Ex.4_MdiApplication\Lab02.Ex.4_MdiApplication.csproj", "{289ED9BF-6332-49F2-8549-5EC23ADBA746}"
EndProject
Project("{FAE04EC0-301F-11D3-BF4B-00C04F79EFBC}") = "Lab02.Ex.5_WinContainer", "Lab02.Ex.5_WinContainer\Lab02.Ex.5_WinContainer.csproj", "{DF59E42A-BB3A-40F7-A28A-05EA419C05FA}"
EndProject
Project("{FAE04EC0-301F-11D3-BF4B-00C04F79EFBC}") = "Lab02.Ex.6_BiblWorm", "Lab02.Ex.6_BiblWorm\Lab02.Ex.6_BiblWorm.csproj", "{9E2C7495-E263-4CAD-9405-6824843D6937}"
EndProject
Project("{FAE04EC0-301F-11D3-BF4B-00C04F79EFBC}") = "Lab02.Ex.7_RegistrationForm", "Lab02.Ex.7_RegistrationForm\Lab02.Ex.7_RegistrationForm.csproj", "{10C60EAF-691E-47B1-AE57-EEFDE2284F7B}"
EndProject
Project("{FAE04EC0-301F-11D3-BF4B-00C04F79EFBC}") = "Lab02.Ex.8_RegistrationForm", "Lab02.Ex.8_RegistrationForm\Lab02.Ex.8_RegistrationForm.csproj", "{CCB67409-B201-48D9-864A-F60E8ABE2301}"
EndProject
Project("{FAE04EC0-301F-11D3-BF4B-00C04F79EFBC}") = "Lab02.Ex.9_BiblWorm", "Lab02.Ex.9_BiblWorm\Lab02.Ex.9_BiblWorm.csproj", "{70B1A610-D485-4B30-816E-695EB3FA7B65}"
EndProject
Project("{FAE04EC0-301F-11D3-BF4B-00C04F79EFBC}") = "Lab03.Ex.1_WinTimer1", "Lab03.Ex.1_WinTimer1\Lab03.Ex.1_WinTimer1.csproj", "{54A85CD2-82C1-4620-BAAA-1AFBCAFDF1BF}"
EndProject
Project("{FAE04EC0-301F-11D3-BF4B-00C04F79EFBC}") = "Lab03.Ex.1_WinTimer1_ControlDLL", "Lab03.Ex.1_WinTimer1_ControlDLL\Lab03.Ex.1_WinTimer1_ControlDLL.csproj", "{B3E4EDCD-25C1-4B0D-AA62-AF53982B6092}"
EndProject
Project("{FAE04EC0-301F-11D3-BF4B-00C04F79EFBC}") = "Lab03.Ex.2_WinTimer2", "Lab03.Ex.2_WinTimer2\Lab03.Ex.2_WinTimer2.csproj", "{EE1FE1B0-BE98-471A-BD40-09CE710A1BAC}"
EndProject
Project("{FAE04EC0-301F-11D3-BF4B-00C04F79EFBC}") = "Lab03.Ex.3_WinButNum", "Lab03.Ex.3_WinButNum\Lab03.Ex.3_WinButNum.csproj", "{39AD80BF-FA2E-4909-A9C6-0E5C832BC912}"
EndProject
Project("{FAE04EC0-301F-11D3-BF4B-00C04F79EFBC}") = "Lab03.Ex.4_ValidationForm", "Lab03.Ex.4_ValidationForm\Lab03.Ex.4_ValidationForm.csproj", "{3EE98615-6850-4769-A351-34F7C78CA315}"
EndProject
Global
	GlobalSection(SolutionConfigurationPlatforms) = preSolution
		Debug|Any CPU = Debug|Any CPU
		Release|Any CPU = Release|Any CPU
	EndGlobalSection
	GlobalSection(ProjectConfigurationPlatforms) = postSolution
		{7FE2C904-CAE8-4926-9DC4-0BFCBD37EF9C}.Debug|Any CPU.ActiveCfg = Debug|Any CPU
		{7FE2C904-CAE8-4926-9DC4-0BFCBD37EF9C}.Debug|Any CPU.Build.0 = Debug|Any CPU
		{7FE2C904-CAE8-4926-9DC4-0BFCBD37EF9C}.Release|Any CPU.ActiveCfg = Release|Any CPU
		{7FE2C904-CAE8-4926-9DC4-0BFCBD37EF9C}.Release|Any CPU.Build.0 = Release|Any CPU
		{EB1119FD-2B34-43DD-90C9-53CFDAFA9BF0}.Debug|Any CPU.ActiveCfg = Debug|Any CPU
		{EB1119FD-2B34-43DD-90C9-53CFDAFA9BF0}.Debug|Any CPU.Build.0 = Debug|Any CPU
		{EB1119FD-2B34-43DD-90C9-53CFDAFA9BF0}.Release|Any CPU.ActiveCfg = Release|Any CPU
		{EB1119FD-2B34-43DD-90C9-53CFDAFA9BF0}.Release|Any CPU.Build.0 = Release|Any CPU
		{C88B94C7-C415-4FB9-B74F-3D2F61ADA6BD}.Debug|Any CPU.ActiveCfg = Debug|Any CPU
		{C88B94C7-C415-4FB9-B74F-3D2F61ADA6BD}.Debug|Any CPU.Build.0 = Debug|Any CPU
		{C88B94C7-C415-4FB9-B74F-3D2F61ADA6BD}.Release|Any CPU.ActiveCfg = Release|Any CPU
		{C88B94C7-C415-4FB9-B74F-3D2F61ADA6BD}.Release|Any CPU.Build.0 = Release|Any CPU
		{A5EB1A87-46BB-4DD5-B316-2B0531EB2693}.Debug|Any CPU.ActiveCfg = Debug|Any CPU
		{A5EB1A87-46BB-4DD5-B316-2B0531EB2693}.Debug|Any CPU.Build.0 = Debug|Any CPU
		{A5EB1A87-46BB-4DD5-B316-2B0531EB2693}.Release|Any CPU.ActiveCfg = Release|Any CPU
		{A5EB1A87-46BB-4DD5-B316-2B0531EB2693}.Release|Any CPU.Build.0 = Release|Any CPU
		{6EE39617-ECE7-4571-96A9-D1870525E4FF}.Debug|Any CPU.ActiveCfg = Debug|Any CPU
		{6EE39617-ECE7-4571-96A9-D1870525E4FF}.Debug|Any CPU.Build.0 = Debug|Any CPU
		{6EE39617-ECE7-4571-96A9-D1870525E4FF}.Release|Any CPU.ActiveCfg = Release|Any CPU
		{6EE39617-ECE7-4571-96A9-D1870525E4FF}.Release|Any CPU.Build.0 = Release|Any CPU
		{1D0826D6-5EB4-4EF9-84D3-068EA807BC8D}.Debug|Any CPU.ActiveCfg = Debug|Any CPU
		{1D0826D6-5EB4-4EF9-84D3-068EA807BC8D}.Debug|Any CPU.Build.0 = Debug|Any CPU
		{1D0826D6-5EB4-4EF9-84D3-068EA807BC8D}.Release|Any CPU.ActiveCfg = Release|Any CPU
		{1D0826D6-5EB4-4EF9-84D3-068EA807BC8D}.Release|Any CPU.Build.0 = Release|Any CPU
		{A6D703F2-DF8C-4F73-B463-65ABC0A81D38}.Debug|Any CPU.ActiveCfg = Debug|Any CPU
		{A6D703F2-DF8C-4F73-B463-65ABC0A81D38}.Debug|Any CPU.Build.0 = Debug|Any CPU
		{A6D703F2-DF8C-4F73-B463-65ABC0A81D38}.Release|Any CPU.ActiveCfg = Release|Any CPU
		{A6D703F2-DF8C-4F73-B463-65ABC0A81D38}.Release|Any CPU.Build.0 = Release|Any CPU
		{10306926-BD56-4545-9BB3-1C7F117F4447}.Debug|Any CPU.ActiveCfg = Debug|Any CPU
		{10306926-BD56-4545-9BB3-1C7F117F4447}.Debug|Any CPU.Build.0 = Debug|Any CPU
		{10306926-BD56-4545-9BB3-1C7F117F4447}.Release|Any CPU.ActiveCfg = Release|Any CPU
		{10306926-BD56-4545-9BB3-1C7F117F4447}.Release|Any CPU.Build.0 = Release|Any CPU
		{A80E6CE3-AC11-4D4C-8896-87A8C167A9A6}.Debug|Any CPU.ActiveCfg = Debug|Any CPU
		{A80E6CE3-AC11-4D4C-8896-87A8C167A9A6}.Debug|Any CPU.Build.0 = Debug|Any CPU
		{A80E6CE3-AC11-4D4C-8896-87A8C167A9A6}.Release|Any CPU.ActiveCfg = Release|Any CPU
		{A80E6CE3-AC11-4D4C-8896-87A8C167A9A6}.Release|Any CPU.Build.0 = Release|Any CPU
		{BD1BB50E-B5FF-43AE-B8A8-2614D4C77809}.Debug|Any CPU.ActiveCfg = Debug|Any CPU
		{BD1BB50E-B5FF-43AE-B8A8-2614D4C77809}.Debug|Any CPU.Build.0 = Debug|Any CPU
		{BD1BB50E-B5FF-43AE-B8A8-2614D4C77809}.Release|Any CPU.ActiveCfg = Release|Any CPU
		{BD1BB50E-B5FF-43AE-B8A8-2614D4C77809}.Release|Any CPU.Build.0 = Release|Any CPU
		{289ED9BF-6332-49F2-8549-5EC23ADBA746}.Debug|Any CPU.ActiveCfg = Debug|Any CPU
		{289ED9BF-6332-49F2-8549-5EC23ADBA746}.Debug|Any CPU.Build.0 = Debug|Any CPU
		{289ED9BF-6332-49F2-8549-5EC23ADBA746}.Release|Any CPU.ActiveCfg = Release|Any CPU
		{289ED9BF-6332-49F2-8549-5EC23ADBA746}.Release|Any CPU.Build.0 = Release|Any CPU
		{DF59E42A-BB3A-40F7-A28A-05EA419C05FA}.Debug|Any CPU.ActiveCfg = Debug|Any CPU
		{DF59E42A-BB3A-40F7-A28A-05EA419C05FA}.Debug|Any CPU.Build.0 = Debug|Any CPU
		{DF59E42A-BB3A-40F7-A28A-05EA419C05FA}.Release|Any CPU.ActiveCfg = Release|Any CPU
		{DF59E42A-BB3A-40F7-A28A-05EA419C05FA}.Release|Any CPU.Build.0 = Release|Any CPU
		{9E2C7495-E263-4CAD-9405-6824843D6937}.Debug|Any CPU.ActiveCfg = Debug|Any CPU
		{9E2C7495-E263-4CAD-9405-6824843D6937}.Debug|Any CPU.Build.0 = Debug|Any CPU
		{9E2C7495-E263-4CAD-9405-6824843D6937}.Release|Any CPU.ActiveCfg = Release|Any CPU
		{9E2C7495-E263-4CAD-9405-6824843D6937}.Release|Any CPU.Build.0 = Release|Any CPU
		{10C60EAF-691E-47B1-AE57-EEFDE2284F7B}.Debug|Any CPU.ActiveCfg = Debug|Any CPU
		{10C60EAF-691E-47B1-AE57-EEFDE2284F7B}.Debug|Any CPU.Build.0 = Debug|Any CPU
		{10C60EAF-691E-47B1-AE57-EEFDE2284F7B}.Release|Any CPU.ActiveCfg = Release|Any CPU
		{10C60EAF-691E-47B1-AE57-EEFDE2284F7B}.Release|Any CPU.Build.0 = Release|Any CPU
		{CCB67409-B201-48D9-864A-F60E8ABE2301}.Debug|Any CPU.ActiveCfg = Debug|Any CPU
		{CCB67409-B201-48D9-864A-F60E8ABE2301}.Debug|Any CPU.Build.0 = Debug|Any CPU
		{CCB67409-B201-48D9-864A-F60E8ABE2301}.Release|Any CPU.ActiveCfg = Release|Any CPU
		{CCB67409-B201-48D9-864A-F60E8ABE2301}.Release|Any CPU.Build.0 = Release|Any CPU
		{70B1A610-D485-4B30-816E-695EB3FA7B65}.Debug|Any CPU.ActiveCfg = Debug|Any CPU
		{70B1A610-D485-4B30-816E-695EB3FA7B65}.Debug|Any CPU.Build.0 = Debug|Any CPU
		{70B1A610-D485-4B30-816E-695EB3FA7B65}.Release|Any CPU.ActiveCfg = Release|Any CPU
		{70B1A610-D485-4B30-816E-695EB3FA7B65}.Release|Any CPU.Build.0 = Release|Any CPU
		{54A85CD2-82C1-4620-BAAA-1AFBCAFDF1BF}.Debug|Any CPU.ActiveCfg = Debug|Any CPU
		{54A85CD2-82C1-4620-BAAA-1AFBCAFDF1BF}.Debug|Any CPU.Build.0 = Debug|Any CPU
		{54A85CD2-82C1-4620-BAAA-1AFBCAFDF1BF}.Release|Any CPU.ActiveCfg = Release|Any CPU
		{54A85CD2-82C1-4620-BAAA-1AFBCAFDF1BF}.Release|Any CPU.Build.0 = Release|Any CPU
		{B3E4EDCD-25C1-4B0D-AA62-AF53982B6092}.Debug|Any CPU.ActiveCfg = Debug|Any CPU
		{B3E4EDCD-25C1-4B0D-AA62-AF53982B6092}.Debug|Any CPU.Build.0 = Debug|Any CPU
		{B3E4EDCD-25C1-4B0D-AA62-AF53982B6092}.Release|Any CPU.ActiveCfg = Release|Any CPU
		{B3E4EDCD-25C1-4B0D-AA62-AF53982B6092}.Release|Any CPU.Build.0 = Release|Any CPU
		{EE1FE1B0-BE98-471A-BD40-09CE710A1BAC}.Debug|Any CPU.ActiveCfg = Debug|Any CPU
		{EE1FE1B0-BE98-471A-BD40-09CE710A1BAC}.Debug|Any CPU.Build.0 = Debug|Any CPU
		{EE1FE1B0-BE98-471A-BD40-09CE710A1BAC}.Release|Any CPU.ActiveCfg = Release|Any CPU
		{EE1FE1B0-BE98-471A-BD40-09CE710A1BAC}.Release|Any CPU.Build.0 = Release|Any CPU
		{39AD80BF-FA2E-4909-A9C6-0E5C832BC912}.Debug|Any CPU.ActiveCfg = Debug|Any CPU
		{39AD80BF-FA2E-4909-A9C6-0E5C832BC912}.Debug|Any CPU.Build.0 = Debug|Any CPU
		{39AD80BF-FA2E-4909-A9C6-0E5C832BC912}.Release|Any CPU.ActiveCfg = Release|Any CPU
		{39AD80BF-FA2E-4909-A9C6-0E5C832BC912}.Release|Any CPU.Build.0 = Release|Any CPU
		{3EE98615-6850-4769-A351-34F7C78CA315}.Debug|Any CPU.ActiveCfg = Debug|Any CPU
		{3EE98615-6850-4769-A351-34F7C78CA315}.Debug|Any CPU.Build.0 = Debug|Any CPU
		{3EE98615-6850-4769-A351-34F7C78CA315}.Release|Any CPU.ActiveCfg = Release|Any CPU
		{3EE98615-6850-4769-A351-34F7C78CA315}.Release|Any CPU.Build.0 = Release|Any CPU
	EndGlobalSection
	GlobalSection(SolutionProperties) = preSolution
		HideSolutionNode = FALSE
	EndGlobalSection
	GlobalSection(ExtensibilityGlobals) = postSolution
		SolutionGuid = {1377BCD2-3636-440C-8442-DD6A622B21A3}
	EndGlobalSection
EndGlobal
