
Microsoft Visual Studio Solution File, Format Version 12.00
# Visual Studio Version 16
VisualStudioVersion = 16.0.31229.75
MinimumVisualStudioVersion = 10.0.40219.1
Project("{FAE04EC0-301F-11D3-BF4B-00C04F79EFBC}") = "Lab01.Ex.1", "Lab01.Ex.1\Lab01.Ex.1.csproj", "{7FE2C904-CAE8-4926-9DC4-0BFCBD37EF9C}"
EndProject
Project("{FAE04EC0-301F-11D3-BF4B-00C04F79EFBC}") = "Lab01.Ex.2", "Lab01.Ex.2\Lab01.Ex.2.csproj", "{EB1119FD-2B34-43DD-90C9-53CFDAFA9BF0}"
EndProject
Project("{FAE04EC0-301F-11D3-BF4B-00C04F79EFBC}") = "Lab01.Ex.3", "Lab01.Ex.3\Lab01.Ex.3.csproj", "{C88B94C7-C415-4FB9-B74F-3D2F61ADA6BD}"
EndProject
Project("{FAE04EC0-301F-11D3-BF4B-00C04F79EFBC}") = "Lab01.Ex.4_MdiApplication", "Lab01.Ex.4_MdiApplication\Lab01.Ex.4_MdiApplication.csproj", "{A5EB1A87-46BB-4DD5-B316-2B0531EB2693}"
EndProject
Project("{FAE04EC0-301F-11D3-BF4B-00C04F79EFBC}") = "Lab01.Ex.5.1", "Lab01.Ex.5.1\Lab01.Ex.5.1.csproj", "{6EE39617-ECE7-4571-96A9-D1870525E4FF}"
EndProject
Project("{FAE04EC0-301F-11D3-BF4B-00C04F79EFBC}") = "Lab01.Ex.5.2", "Lab01.Ex.5.2\Lab01.Ex.5.2.csproj", "{1D0826D6-5EB4-4EF9-84D3-068EA807BC8D}"
EndProject
Project("{FAE04EC0-301F-11D3-BF4B-00C04F79EFBC}") = "Lab01.Ex.5.3", "Lab01.Ex.5.3\Lab01.Ex.5.3.csproj", "{A6D703F2-DF8C-4F73-B463-65ABC0A81D38}"
EndProject
Project("{FAE04EC0-301F-11D3-BF4B-00C04F79EFBC}") = "Lab02.Ex.1_WinQuestion", "Lab02.Ex.1_WinQuestion\Lab02.Ex.1_WinQuestion.csproj", "{10306926-BD56-4545-9BB3-1C7F117F4447}"
EndProject
Project("{FAE04EC0-301F-11D3-BF4B-00C04F79EFBC}") = "Lab02.Ex.2_TestList", "Lab02.Ex.2_TestList\Lab02.Ex.2_TestList.csproj", "{A80E6CE3-AC11-4D4C-8896-87A8C167A9A6}"
EndProject
Global
	GlobalSection(SolutionConfigurationPlatforms) = preSolution
		Debug|Any CPU = Debug|Any CPU
		Release|Any CPU = Release|Any CPU
	EndGlobalSection
	GlobalSection(ProjectConfigurationPlatforms) = postSolution
		{7FE2C904-CAE8-4926-9DC4-0BFCBD37EF9C}.Debug|Any CPU.ActiveCfg = Debug|Any CPU
		{7FE2C904-CAE8-4926-9DC4-0BFCBD37EF9C}.Debug|Any CPU.Build.0 = Debug|Any CPU
		{7FE2C904-CAE8-4926-9DC4-0BFCBD37EF9C}.Release|Any CPU.ActiveCfg = Release|Any CPU
		{7FE2C904-CAE8-4926-9DC4-0BFCBD37EF9C}.Release|Any CPU.Build.0 = Release|Any CPU
		{EB1119FD-2B34-43DD-90C9-53CFDAFA9BF0}.Debug|Any CPU.ActiveCfg = Debug|Any CPU
		{EB1119FD-2B34-43DD-90C9-53CFDAFA9BF0}.Debug|Any CPU.Build.0 = Debug|Any CPU
		{EB1119FD-2B34-43DD-90C9-53CFDAFA9BF0}.Release|Any CPU.ActiveCfg = Release|Any CPU
		{EB1119FD-2B34-43DD-90C9-53CFDAFA9BF0}.Release|Any CPU.Build.0 = Release|Any CPU
		{C88B94C7-C415-4FB9-B74F-3D2F61ADA6BD}.Debug|Any CPU.ActiveCfg = Debug|Any CPU
		{C88B94C7-C415-4FB9-B74F-3D2F61ADA6BD}.Debug|Any CPU.Build.0 = Debug|Any CPU
		{C88B94C7-C415-4FB9-B74F-3D2F61ADA6BD}.Release|Any CPU.ActiveCfg = Release|Any CPU
		{C88B94C7-C415-4FB9-B74F-3D2F61ADA6BD}.Release|Any CPU.Build.0 = Release|Any CPU
		{A5EB1A87-46BB-4DD5-B316-2B0531EB2693}.Debug|Any CPU.ActiveCfg = Debug|Any CPU
		{A5EB1A87-46BB-4DD5-B316-2B0531EB2693}.Debug|Any CPU.Build.0 = Debug|Any CPU
		{A5EB1A87-46BB-4DD5-B316-2B0531EB2693}.Release|Any CPU.ActiveCfg = Release|Any CPU
		{A5EB1A87-46BB-4DD5-B316-2B0531EB2693}.Release|Any CPU.Build.0 = Release|Any CPU
		{6EE39617-ECE7-4571-96A9-D1870525E4FF}.Debug|Any CPU.ActiveCfg = Debug|Any CPU
		{6EE39617-ECE7-4571-96A9-D1870525E4FF}.Debug|Any CPU.Build.0 = Debug|Any CPU
		{6EE39617-ECE7-4571-96A9-D1870525E4FF}.Release|Any CPU.ActiveCfg = Release|Any CPU
		{6EE39617-ECE7-4571-96A9-D1870525E4FF}.Release|Any CPU.Build.0 = Release|Any CPU
		{1D0826D6-5EB4-4EF9-84D3-068EA807BC8D}.Debug|Any CPU.ActiveCfg = Debug|Any CPU
		{1D0826D6-5EB4-4EF9-84D3-068EA807BC8D}.Debug|Any CPU.Build.0 = Debug|Any CPU
		{1D0826D6-5EB4-4EF9-84D3-068EA807BC8D}.Release|Any CPU.ActiveCfg = Release|Any CPU
		{1D0826D6-5EB4-4EF9-84D3-068EA807BC8D}.Release|Any CPU.Build.0 = Release|Any CPU
		{A6D703F2-DF8C-4F73-B463-65ABC0A81D38}.Debug|Any CPU.ActiveCfg = Debug|Any CPU
		{A6D703F2-DF8C-4F73-B463-65ABC0A81D38}.Debug|Any CPU.Build.0 = Debug|Any CPU
		{A6D703F2-DF8C-4F73-B463-65ABC0A81D38}.Release|Any CPU.ActiveCfg = Release|Any CPU
		{A6D703F2-DF8C-4F73-B463-65ABC0A81D38}.Release|Any CPU.Build.0 = Release|Any CPU
		{10306926-BD56-4545-9BB3-1C7F117F4447}.Debug|Any CPU.ActiveCfg = Debug|Any CPU
		{10306926-BD56-4545-9BB3-1C7F117F4447}.Debug|Any CPU.Build.0 = Debug|Any CPU
		{10306926-BD56-4545-9BB3-1C7F117F4447}.Release|Any CPU.ActiveCfg = Release|Any CPU
		{10306926-BD56-4545-9BB3-1C7F117F4447}.Release|Any CPU.Build.0 = Release|Any CPU
		{A80E6CE3-AC11-4D4C-8896-87A8C167A9A6}.Debug|Any CPU.ActiveCfg = Debug|Any CPU
		{A80E6CE3-AC11-4D4C-8896-87A8C167A9A6}.Debug|Any CPU.Build.0 = Debug|Any CPU
		{A80E6CE3-AC11-4D4C-8896-87A8C167A9A6}.Release|Any CPU.ActiveCfg = Release|Any CPU
		{A80E6CE3-AC11-4D4C-8896-87A8C167A9A6}.Release|Any CPU.Build.0 = Release|Any CPU
	EndGlobalSection
	GlobalSection(SolutionProperties) = preSolution
		HideSolutionNode = FALSE
	EndGlobalSection
	GlobalSection(ExtensibilityGlobals) = postSolution
		SolutionGuid = {1377BCD2-3636-440C-8442-DD6A622B21A3}
	EndGlobalSection
EndGlobal
